
Microsoft Visual Studio Solution File, Format Version 12.00
# Visual Studio 2013
VisualStudioVersion = 12.0.21005.1
MinimumVisualStudioVersion = 10.0.40219.1
Project("{FAE04EC0-301F-11D3-BF4B-00C04F79EFBC}") = "HTQuanLyFilm", "HTQuanLyFilm\HTQuanLyFilm.csproj", "{C1E906B4-34A7-44D1-B458-E924F0C716C3}"
EndProject
Project("{2150E333-8FDC-42A3-9474-1A3956D46DE8}") = "1. Presentation Layer", "1. Presentation Layer", "{2FF626DE-4C25-4880-AE95-068659CA0611}"
EndProject
Project("{2150E333-8FDC-42A3-9474-1A3956D46DE8}") = "2. Service Layer", "2. Service Layer", "{DA143A79-421A-4F35-952F-040E6B1BF63B}"
EndProject
Project("{2150E333-8FDC-42A3-9474-1A3956D46DE8}") = "3. Business Layer", "3. Business Layer", "{391213D7-810D-492D-B420-C0F161853D22}"
EndProject
Project("{2150E333-8FDC-42A3-9474-1A3956D46DE8}") = "4. Data Layer", "4. Data Layer", "{F01B3CA7-8093-4AD6-A7B1-A9919F3358FE}"
EndProject
Project("{2150E333-8FDC-42A3-9474-1A3956D46DE8}") = "Sulution Item", "Sulution Item", "{3C88A4A7-4952-4214-AEE1-41B91B8C3778}"
EndProject
Project("{FAE04EC0-301F-11D3-BF4B-00C04F79EFBC}") = "DataObject", "DataObject\DataObject.csproj", "{63CEF67B-F92A-4168-987E-7921938D3729}"
EndProject
Project("{FAE04EC0-301F-11D3-BF4B-00C04F79EFBC}") = "BusinessObjects", "BusinessObjects\BusinessObjects.csproj", "{2DA6CC2B-7F02-468B-BCAD-6687C427A164}"
EndProject
Project("{FAE04EC0-301F-11D3-BF4B-00C04F79EFBC}") = "ActionService", "ActionService\ActionService.csproj", "{E12C97ED-2CBC-47D3-905A-6B60F2D859DF}"
EndProject
Project("{2150E333-8FDC-42A3-9474-1A3956D46DE8}") = "SQL Server", "SQL Server", "{51EEED8A-CD7E-45BB-A4AE-400857CA8DA8}"
	ProjectSection(SolutionItems) = preProject
		..\..\..\DataFilm.sql = ..\..\..\DataFilm.sql
	EndProjectSection
EndProject
Global
	GlobalSection(SolutionConfigurationPlatforms) = preSolution
		Debug|Any CPU = Debug|Any CPU
		Release|Any CPU = Release|Any CPU
	EndGlobalSection
	GlobalSection(ProjectConfigurationPlatforms) = postSolution
		{C1E906B4-34A7-44D1-B458-E924F0C716C3}.Debug|Any CPU.ActiveCfg = Debug|Any CPU
		{C1E906B4-34A7-44D1-B458-E924F0C716C3}.Debug|Any CPU.Build.0 = Debug|Any CPU
		{C1E906B4-34A7-44D1-B458-E924F0C716C3}.Release|Any CPU.ActiveCfg = Release|Any CPU
		{C1E906B4-34A7-44D1-B458-E924F0C716C3}.Release|Any CPU.Build.0 = Release|Any CPU
		{63CEF67B-F92A-4168-987E-7921938D3729}.Debug|Any CPU.ActiveCfg = Debug|Any CPU
		{63CEF67B-F92A-4168-987E-7921938D3729}.Debug|Any CPU.Build.0 = Debug|Any CPU
		{63CEF67B-F92A-4168-987E-7921938D3729}.Release|Any CPU.ActiveCfg = Release|Any CPU
		{63CEF67B-F92A-4168-987E-7921938D3729}.Release|Any CPU.Build.0 = Release|Any CPU
		{2DA6CC2B-7F02-468B-BCAD-6687C427A164}.Debug|Any CPU.ActiveCfg = Debug|Any CPU
		{2DA6CC2B-7F02-468B-BCAD-6687C427A164}.Debug|Any CPU.Build.0 = Debug|Any CPU
		{2DA6CC2B-7F02-468B-BCAD-6687C427A164}.Release|Any CPU.ActiveCfg = Release|Any CPU
		{2DA6CC2B-7F02-468B-BCAD-6687C427A164}.Release|Any CPU.Build.0 = Release|Any CPU
		{E12C97ED-2CBC-47D3-905A-6B60F2D859DF}.Debug|Any CPU.ActiveCfg = Debug|Any CPU
		{E12C97ED-2CBC-47D3-905A-6B60F2D859DF}.Debug|Any CPU.Build.0 = Debug|Any CPU
		{E12C97ED-2CBC-47D3-905A-6B60F2D859DF}.Release|Any CPU.ActiveCfg = Release|Any CPU
		{E12C97ED-2CBC-47D3-905A-6B60F2D859DF}.Release|Any CPU.Build.0 = Release|Any CPU
	EndGlobalSection
	GlobalSection(SolutionProperties) = preSolution
		HideSolutionNode = FALSE
	EndGlobalSection
	GlobalSection(NestedProjects) = preSolution
		{C1E906B4-34A7-44D1-B458-E924F0C716C3} = {2FF626DE-4C25-4880-AE95-068659CA0611}
		{E12C97ED-2CBC-47D3-905A-6B60F2D859DF} = {DA143A79-421A-4F35-952F-040E6B1BF63B}
		{2DA6CC2B-7F02-468B-BCAD-6687C427A164} = {391213D7-810D-492D-B420-C0F161853D22}
		{63CEF67B-F92A-4168-987E-7921938D3729} = {F01B3CA7-8093-4AD6-A7B1-A9919F3358FE}
		{51EEED8A-CD7E-45BB-A4AE-400857CA8DA8} = {3C88A4A7-4952-4214-AEE1-41B91B8C3778}
	EndGlobalSection
EndGlobal
